// !$*UTF8*$!
{
	archiveVersion = 1;
	classes = {
	};
	objectVersion = 56;
	objects = {

/* Begin PBXBuildFile section */
		86B77AB32B8DFB8C00C2E9FF /* AppDelegate.swift in Sources */ = {isa = PBXBuildFile; fileRef = 86B77AB22B8DFB8C00C2E9FF /* AppDelegate.swift */; };
		86B77AB52B8DFB8C00C2E9FF /* SceneDelegate.swift in Sources */ = {isa = PBXBuildFile; fileRef = 86B77AB42B8DFB8C00C2E9FF /* SceneDelegate.swift */; };
		86B77AB72B8DFB8C00C2E9FF /* ViewController.swift in Sources */ = {isa = PBXBuildFile; fileRef = 86B77AB62B8DFB8C00C2E9FF /* ViewController.swift */; };
		86B77ABA2B8DFB8C00C2E9FF /* Main.storyboard in Resources */ = {isa = PBXBuildFile; fileRef = 86B77AB82B8DFB8C00C2E9FF /* Main.storyboard */; };
		86B77ABC2B8DFB8D00C2E9FF /* Assets.xcassets in Resources */ = {isa = PBXBuildFile; fileRef = 86B77ABB2B8DFB8D00C2E9FF /* Assets.xcassets */; };
		86B77ABF2B8DFB8D00C2E9FF /* LaunchScreen.storyboard in Resources */ = {isa = PBXBuildFile; fileRef = 86B77ABD2B8DFB8D00C2E9FF /* LaunchScreen.storyboard */; };
		86B77AC72B8E0B8400C2E9FF /* UIView+Describing.swift in Sources */ = {isa = PBXBuildFile; fileRef = 86B77AC62B8E0B8400C2E9FF /* UIView+Describing.swift */; };
/* End PBXBuildFile section */

/* Begin PBXFileReference section */
		86B77AAF2B8DFB8C00C2E9FF /* CaringCollection.app */ = {isa = PBXFileReference; explicitFileType = wrapper.application; includeInIndex = 0; path = CaringCollection.app; sourceTree = BUILT_PRODUCTS_DIR; };
		86B77AB22B8DFB8C00C2E9FF /* AppDelegate.swift */ = {isa = PBXFileReference; lastKnownFileType = sourcecode.swift; path = AppDelegate.swift; sourceTree = "<group>"; };
		86B77AB42B8DFB8C00C2E9FF /* SceneDelegate.swift */ = {isa = PBXFileReference; lastKnownFileType = sourcecode.swift; path = SceneDelegate.swift; sourceTree = "<group>"; };
		86B77AB62B8DFB8C00C2E9FF /* ViewController.swift */ = {isa = PBXFileReference; lastKnownFileType = sourcecode.swift; path = ViewController.swift; sourceTree = "<group>"; };
		86B77AB92B8DFB8C00C2E9FF /* Base */ = {isa = PBXFileReference; lastKnownFileType = file.storyboard; name = Base; path = Base.lproj/Main.storyboard; sourceTree = "<group>"; };
		86B77ABB2B8DFB8D00C2E9FF /* Assets.xcassets */ = {isa = PBXFileReference; lastKnownFileType = folder.assetcatalog; path = Assets.xcassets; sourceTree = "<group>"; };
		86B77ABE2B8DFB8D00C2E9FF /* Base */ = {isa = PBXFileReference; lastKnownFileType = file.storyboard; name = Base; path = Base.lproj/LaunchScreen.storyboard; sourceTree = "<group>"; };
		86B77AC02B8DFB8D00C2E9FF /* Info.plist */ = {isa = PBXFileReference; lastKnownFileType = text.plist.xml; path = Info.plist; sourceTree = "<group>"; };
		86B77AC62B8E0B8400C2E9FF /* UIView+Describing.swift */ = {isa = PBXFileReference; lastKnownFileType = sourcecode.swift; path = "UIView+Describing.swift"; sourceTree = "<group>"; };
/* End PBXFileReference section */

/* Begin PBXFrameworksBuildPhase section */
		86B77AAC2B8DFB8C00C2E9FF /* Frameworks */ = {
			isa = PBXFrameworksBuildPhase;
			buildActionMask = 2147483647;
			files = (
			);
			runOnlyForDeploymentPostprocessing = 0;
		};
/* End PBXFrameworksBuildPhase section */

/* Begin PBXGroup section */
		86B77AA62B8DFB8C00C2E9FF = {
			isa = PBXGroup;
			children = (
				86B77AB12B8DFB8C00C2E9FF /* CaringCollection */,
				86B77AB02B8DFB8C00C2E9FF /* Products */,
			);
			sourceTree = "<group>";
		};
		86B77AB02B8DFB8C00C2E9FF /* Products */ = {
			isa = PBXGroup;
			children = (
				86B77AAF2B8DFB8C00C2E9FF /* CaringCollection.app */,
			);
			name = Products;
			sourceTree = "<group>";
		};
		86B77AB12B8DFB8C00C2E9FF /* CaringCollection */ = {
			isa = PBXGroup;
			children = (
				86B77AB22B8DFB8C00C2E9FF /* AppDelegate.swift */,
				86B77AB42B8DFB8C00C2E9FF /* SceneDelegate.swift */,
				86B77AB62B8DFB8C00C2E9FF /* ViewController.swift */,
				86B77AC62B8E0B8400C2E9FF /* UIView+Describing.swift */,
				86B77AB82B8DFB8C00C2E9FF /* Main.storyboard */,
				86B77ABB2B8DFB8D00C2E9FF /* Assets.xcassets */,
				86B77ABD2B8DFB8D00C2E9FF /* LaunchScreen.storyboard */,
				86B77AC02B8DFB8D00C2E9FF /* Info.plist */,
			);
			path = CaringCollection;
			sourceTree = "<group>";
		};
/* End PBXGroup section */

/* Begin PBXNativeTarget section */
		86B77AAE2B8DFB8C00C2E9FF /* CaringCollection */ = {
			isa = PBXNativeTarget;
			buildConfigurationList = 86B77AC32B8DFB8D00C2E9FF /* Build configuration list for PBXNativeTarget "CaringCollection" */;
			buildPhases = (
				86B77AAB2B8DFB8C00C2E9FF /* Sources */,
				86B77AAC2B8DFB8C00C2E9FF /* Frameworks */,
				86B77AAD2B8DFB8C00C2E9FF /* Resources */,
			);
			buildRules = (
			);
			dependencies = (
			);
			name = CaringCollection;
			productName = CaringCollection;
			productReference = 86B77AAF2B8DFB8C00C2E9FF /* CaringCollection.app */;
			productType = "com.apple.product-type.application";
		};
/* End PBXNativeTarget section */

/* Begin PBXProject section */
		86B77AA72B8DFB8C00C2E9FF /* Project object */ = {
			isa = PBXProject;
			attributes = {
				BuildIndependentTargetsInParallel = 1;
				LastSwiftUpdateCheck = 1500;
				LastUpgradeCheck = 1500;
				TargetAttributes = {
					86B77AAE2B8DFB8C00C2E9FF = {
						CreatedOnToolsVersion = 15.0;
					};
				};
			};
			buildConfigurationList = 86B77AAA2B8DFB8C00C2E9FF /* Build configuration list for PBXProject "CaringCollection" */;
			compatibilityVersion = "Xcode 14.0";
			developmentRegion = en;
			hasScannedForEncodings = 0;
			knownRegions = (
				en,
				Base,
			);
			mainGroup = 86B77AA62B8DFB8C00C2E9FF;
			productRefGroup = 86B77AB02B8DFB8C00C2E9FF /* Products */;
			projectDirPath = "";
			projectRoot = "";
			targets = (
				86B77AAE2B8DFB8C00C2E9FF /* CaringCollection */,
			);
		};
/* End PBXProject section */

/* Begin PBXResourcesBuildPhase section */
		86B77AAD2B8DFB8C00C2E9FF /* Resources */ = {
			isa = PBXResourcesBuildPhase;
			buildActionMask = 2147483647;
			files = (
				86B77ABF2B8DFB8D00C2E9FF /* LaunchScreen.storyboard in Resources */,
				86B77ABC2B8DFB8D00C2E9FF /* Assets.xcassets in Resources */,
				86B77ABA2B8DFB8C00C2E9FF /* Main.storyboard in Resources */,
			);
			runOnlyForDeploymentPostprocessing = 0;
		};
/* End PBXResourcesBuildPhase section */

/* Begin PBXSourcesBuildPhase section */
		86B77AAB2B8DFB8C00C2E9FF /* Sources */ = {
			isa = PBXSourcesBuildPhase;
			buildActionMask = 2147483647;
			files = (
				86B77AC72B8E0B8400C2E9FF /* UIView+Describing.swift in Sources */,
				86B77AB72B8DFB8C00C2E9FF /* ViewController.swift in Sources */,
				86B77AB32B8DFB8C00C2E9FF /* AppDelegate.swift in Sources */,
				86B77AB52B8DFB8C00C2E9FF /* SceneDelegate.swift in Sources */,
			);
			runOnlyForDeploymentPostprocessing = 0;
		};
/* End PBXSourcesBuildPhase section */

/* Begin PBXVariantGroup section */
		86B77AB82B8DFB8C00C2E9FF /* Main.storyboard */ = {
			isa = PBXVariantGroup;
			children = (
				86B77AB92B8DFB8C00C2E9FF /* Base */,
			);
			name = Main.storyboard;
			sourceTree = "<group>";
		};
		86B77ABD2B8DFB8D00C2E9FF /* LaunchScreen.storyboard */ = {
			isa = PBXVariantGroup;
			children = (
				86B77ABE2B8DFB8D00C2E9FF /* Base */,
			);
			name = LaunchScreen.storyboard;
			sourceTree = "<group>";
		};
/* End PBXVariantGroup section */

/* Begin XCBuildConfiguration section */
		86B77AC12B8DFB8D00C2E9FF /* Debug */ = {
			isa = XCBuildConfiguration;
			buildSettings = {
				ALWAYS_SEARCH_USER_PATHS = NO;
				ASSETCATALOG_COMPILER_GENERATE_SWIFT_ASSET_SYMBOL_EXTENSIONS = YES;
				CLANG_ANALYZER_NONNULL = YES;
				CLANG_ANALYZER_NUMBER_OBJECT_CONVERSION = YES_AGGRESSIVE;
				CLANG_CXX_LANGUAGE_STANDARD = "gnu++20";
				CLANG_ENABLE_MODULES = YES;
				CLANG_ENABLE_OBJC_ARC = YES;
				CLANG_ENABLE_OBJC_WEAK = YES;
				CLANG_WARN_BLOCK_CAPTURE_AUTORELEASING = YES;
				CLANG_WARN_BOOL_CONVERSION = YES;
				CLANG_WARN_COMMA = YES;
				CLANG_WARN_CONSTANT_CONVERSION = YES;
				CLANG_WARN_DEPRECATED_OBJC_IMPLEMENTATIONS = YES;
				CLANG_WARN_DIRECT_OBJC_ISA_USAGE = YES_ERROR;
				CLANG_WARN_DOCUMENTATION_COMMENTS = YES;
				CLANG_WARN_EMPTY_BODY = YES;
				CLANG_WARN_ENUM_CONVERSION = YES;
				CLANG_WARN_INFINITE_RECURSION = YES;
				CLANG_WARN_INT_CONVERSION = YES;
				CLANG_WARN_NON_LITERAL_NULL_CONVERSION = YES;
				CLANG_WARN_OBJC_IMPLICIT_RETAIN_SELF = YES;
				CLANG_WARN_OBJC_LITERAL_CONVERSION = YES;
				CLANG_WARN_OBJC_ROOT_CLASS = YES_ERROR;
				CLANG_WARN_QUOTED_INCLUDE_IN_FRAMEWORK_HEADER = YES;
				CLANG_WARN_RANGE_LOOP_ANALYSIS = YES;
				CLANG_WARN_STRICT_PROTOTYPES = YES;
				CLANG_WARN_SUSPICIOUS_MOVE = YES;
				CLANG_WARN_UNGUARDED_AVAILABILITY = YES_AGGRESSIVE;
				CLANG_WARN_UNREACHABLE_CODE = YES;
				CLANG_WARN__DUPLICATE_METHOD_MATCH = YES;
				COPY_PHASE_STRIP = NO;
				DEBUG_INFORMATION_FORMAT = dwarf;
				ENABLE_STRICT_OBJC_MSGSEND = YES;
				ENABLE_TESTABILITY = YES;
				ENABLE_USER_SCRIPT_SANDBOXING = YES;
				GCC_C_LANGUAGE_STANDARD = gnu17;
				GCC_DYNAMIC_NO_PIC = NO;
				GCC_NO_COMMON_BLOCKS = YES;
				GCC_OPTIMIZATION_LEVEL = 0;
				GCC_PREPROCESSOR_DEFINITIONS = (
					"DEBUG=1",
					"$(inherited)",
				);
				GCC_WARN_64_TO_32_BIT_CONVERSION = YES;
				GCC_WARN_ABOUT_RETURN_TYPE = YES_ERROR;
				GCC_WARN_UNDECLARED_SELECTOR = YES;
				GCC_WARN_UNINITIALIZED_AUTOS = YES_AGGRESSIVE;
				GCC_WARN_UNUSED_FUNCTION = YES;
				GCC_WARN_UNUSED_VARIABLE = YES;
				IPHONEOS_DEPLOYMENT_TARGET = 17.0;
				LOCALIZATION_PREFERS_STRING_CATALOGS = YES;
				MTL_ENABLE_DEBUG_INFO = INCLUDE_SOURCE;
				MTL_FAST_MATH = YES;
				ONLY_ACTIVE_ARCH = YES;
				SDKROOT = iphoneos;
				SWIFT_ACTIVE_COMPILATION_CONDITIONS = "DEBUG $(inherited)";
				SWIFT_OPTIMIZATION_LEVEL = "-Onone";
			};
			name = Debug;
		};
		86B77AC22B8DFB8D00C2E9FF /* Release */ = {
			isa = XCBuildConfiguration;
			buildSettings = {
				ALWAYS_SEARCH_USER_PATHS = NO;
				ASSETCATALOG_COMPILER_GENERATE_SWIFT_ASSET_SYMBOL_EXTENSIONS = YES;
				CLANG_ANALYZER_NONNULL = YES;
				CLANG_ANALYZER_NUMBER_OBJECT_CONVERSION = YES_AGGRESSIVE;
				CLANG_CXX_LANGUAGE_STANDARD = "gnu++20";
				CLANG_ENABLE_MODULES = YES;
				CLANG_ENABLE_OBJC_ARC = YES;
				CLANG_ENABLE_OBJC_WEAK = YES;
				CLANG_WARN_BLOCK_CAPTURE_AUTORELEASING = YES;
				CLANG_WARN_BOOL_CONVERSION = YES;
				CLANG_WARN_COMMA = YES;
				CLANG_WARN_CONSTANT_CONVERSION = YES;
				CLANG_WARN_DEPRECATED_OBJC_IMPLEMENTATIONS = YES;
				CLANG_WARN_DIRECT_OBJC_ISA_USAGE = YES_ERROR;
				CLANG_WARN_DOCUMENTATION_COMMENTS = YES;
				CLANG_WARN_EMPTY_BODY = YES;
				CLANG_WARN_ENUM_CONVERSION = YES;
				CLANG_WARN_INFINITE_RECURSION = YES;
				CLANG_WARN_INT_CONVERSION = YES;
				CLANG_WARN_NON_LITERAL_NULL_CONVERSION = YES;
				CLANG_WARN_OBJC_IMPLICIT_RETAIN_SELF = YES;
				CLANG_WARN_OBJC_LITERAL_CONVERSION = YES;
				CLANG_WARN_OBJC_ROOT_CLASS = YES_ERROR;
				CLANG_WARN_QUOTED_INCLUDE_IN_FRAMEWORK_HEADER = YES;
				CLANG_WARN_RANGE_LOOP_ANALYSIS = YES;
				CLANG_WARN_STRICT_PROTOTYPES = YES;
				CLANG_WARN_SUSPICIOUS_MOVE = YES;
				CLANG_WARN_UNGUARDED_AVAILABILITY = YES_AGGRESSIVE;
				CLANG_WARN_UNREACHABLE_CODE = YES;
				CLANG_WARN__DUPLICATE_METHOD_MATCH = YES;
				COPY_PHASE_STRIP = NO;
				DEBUG_INFORMATION_FORMAT = "dwarf-with-dsym";
				ENABLE_NS_ASSERTIONS = NO;
				ENABLE_STRICT_OBJC_MSGSEND = YES;
				ENABLE_USER_SCRIPT_SANDBOXING = YES;
				GCC_C_LANGUAGE_STANDARD = gnu17;
				GCC_NO_COMMON_BLOCKS = YES;
				GCC_WARN_64_TO_32_BIT_CONVERSION = YES;
				GCC_WARN_ABOUT_RETURN_TYPE = YES_ERROR;
				GCC_WARN_UNDECLARED_SELECTOR = YES;
				GCC_WARN_UNINITIALIZED_AUTOS = YES_AGGRESSIVE;
				GCC_WARN_UNUSED_FUNCTION = YES;
				GCC_WARN_UNUSED_VARIABLE = YES;
				IPHONEOS_DEPLOYMENT_TARGET = 17.0;
				LOCALIZATION_PREFERS_STRING_CATALOGS = YES;
				MTL_ENABLE_DEBUG_INFO = NO;
				MTL_FAST_MATH = YES;
				SDKROOT = iphoneos;
				SWIFT_COMPILATION_MODE = wholemodule;
				VALIDATE_PRODUCT = YES;
			};
			name = Release;
		};
		86B77AC42B8DFB8D00C2E9FF /* Debug */ = {
			isa = XCBuildConfiguration;
			buildSettings = {
				ASSETCATALOG_COMPILER_APPICON_NAME = AppIcon;
				ASSETCATALOG_COMPILER_GLOBAL_ACCENT_COLOR_NAME = AccentColor;
				CODE_SIGN_STYLE = Automatic;
				CURRENT_PROJECT_VERSION = 1;
				DEVELOPMENT_TEAM = SRNG9LM83J;
				GENERATE_INFOPLIST_FILE = YES;
				INFOPLIST_FILE = CaringCollection/Info.plist;
				INFOPLIST_KEY_UIApplicationSupportsIndirectInputEvents = YES;
				INFOPLIST_KEY_UILaunchStoryboardName = LaunchScreen;
				INFOPLIST_KEY_UIMainStoryboardFile = Main;
				INFOPLIST_KEY_UISupportedInterfaceOrientations_iPad = "UIInterfaceOrientationPortrait UIInterfaceOrientationPortraitUpsideDown UIInterfaceOrientationLandscapeLeft UIInterfaceOrientationLandscapeRight";
				INFOPLIST_KEY_UISupportedInterfaceOrientations_iPhone = "UIInterfaceOrientationPortrait UIInterfaceOrientationLandscapeLeft UIInterfaceOrientationLandscapeRight";
				LD_RUNPATH_SEARCH_PATHS = (
					"$(inherited)",
					"@executable_path/Frameworks",
				);
				MARKETING_VERSION = 1.0;
				PRODUCT_BUNDLE_IDENTIFIER = com.universal.CaringCollection;
				PRODUCT_NAME = "$(TARGET_NAME)";
				SWIFT_EMIT_LOC_STRINGS = YES;
				SWIFT_VERSION = 5.0;
				TARGETED_DEVICE_FAMILY = "1,2";
			};
			name = Debug;
		};
		86B77AC52B8DFB8D00C2E9FF /* Release */ = {
			isa = XCBuildConfiguration;
			buildSettings = {
				ASSETCATALOG_COMPILER_APPICON_NAME = AppIcon;
				ASSETCATALOG_COMPILER_GLOBAL_ACCENT_COLOR_NAME = AccentColor;
				CODE_SIGN_STYLE = Automatic;
				CURRENT_PROJECT_VERSION = 1;
				DEVELOPMENT_TEAM = SRNG9LM83J;
				GENERATE_INFOPLIST_FILE = YES;
				INFOPLIST_FILE = CaringCollection/Info.plist;
				INFOPLIST_KEY_UIApplicationSupportsIndirectInputEvents = YES;
				INFOPLIST_KEY_UILaunchStoryboardName = LaunchScreen;
				INFOPLIST_KEY_UIMainStoryboardFile = Main;
				INFOPLIST_KEY_UISupportedInterfaceOrientations_iPad = "UIInterfaceOrientationPortrait UIInterfaceOrientationPortraitUpsideDown UIInterfaceOrientationLandscapeLeft UIInterfaceOrientationLandscapeRight";
				INFOPLIST_KEY_UISupportedInterfaceOrientations_iPhone = "UIInterfaceOrientationPortrait UIInterfaceOrientationLandscapeLeft UIInterfaceOrientationLandscapeRight";
				LD_RUNPATH_SEARCH_PATHS = (
					"$(inherited)",
					"@executable_path/Frameworks",
				);
				MARKETING_VERSION = 1.0;
				PRODUCT_BUNDLE_IDENTIFIER = com.universal.CaringCollection;
				PRODUCT_NAME = "$(TARGET_NAME)";
				SWIFT_EMIT_LOC_STRINGS = YES;
				SWIFT_VERSION = 5.0;
				TARGETED_DEVICE_FAMILY = "1,2";
			};
			name = Release;
		};
/* End XCBuildConfiguration section */

/* Begin XCConfigurationList section */
		86B77AAA2B8DFB8C00C2E9FF /* Build configuration list for PBXProject "CaringCollection" */ = {
			isa = XCConfigurationList;
			buildConfigurations = (
				86B77AC12B8DFB8D00C2E9FF /* Debug */,
				86B77AC22B8DFB8D00C2E9FF /* Release */,
			);
			defaultConfigurationIsVisible = 0;
			defaultConfigurationName = Release;
		};
		86B77AC32B8DFB8D00C2E9FF /* Build configuration list for PBXNativeTarget "CaringCollection" */ = {
			isa = XCConfigurationList;
			buildConfigurations = (
				86B77AC42B8DFB8D00C2E9FF /* Debug */,
				86B77AC52B8DFB8D00C2E9FF /* Release */,
			);
			defaultConfigurationIsVisible = 0;
			defaultConfigurationName = Release;
		};
/* End XCConfigurationList section */
	};
	rootObject = 86B77AA72B8DFB8C00C2E9FF /* Project object */;
}
